
Microsoft Visual Studio Solution File, Format Version 12.00
# Visual Studio Version 16
VisualStudioVersion = 16.0.31729.503
MinimumVisualStudioVersion = 10.0.40219.1
Project("{FAE04EC0-301F-11D3-BF4B-00C04F79EFBC}") = "TestApp.Android", "TestApp\TestApp.Android\TestApp.Android.csproj", "{A4120205-CE07-4DCE-9BCC-866A8BCCBAB9}"
EndProject
Project("{FAE04EC0-301F-11D3-BF4B-00C04F79EFBC}") = "TestApp", "TestApp\TestApp\TestApp.csproj", "{2E159837-522C-41F2-971C-B62F3DFCB388}"
EndProject
Global
	GlobalSection(SolutionConfigurationPlatforms) = preSolution
		Debug|Any CPU = Debug|Any CPU
		Release|Any CPU = Release|Any CPU
	EndGlobalSection
	GlobalSection(ProjectConfigurationPlatforms) = postSolution
		{A4120205-CE07-4DCE-9BCC-866A8BCCBAB9}.Debug|Any CPU.ActiveCfg = Debug|Any CPU
		{A4120205-CE07-4DCE-9BCC-866A8BCCBAB9}.Debug|Any CPU.Build.0 = Debug|Any CPU
		{A4120205-CE07-4DCE-9BCC-866A8BCCBAB9}.Debug|Any CPU.Deploy.0 = Debug|Any CPU
		{A4120205-CE07-4DCE-9BCC-866A8BCCBAB9}.Release|Any CPU.ActiveCfg = Release|Any CPU
		{A4120205-CE07-4DCE-9BCC-866A8BCCBAB9}.Release|Any CPU.Build.0 = Release|Any CPU
		{A4120205-CE07-4DCE-9BCC-866A8BCCBAB9}.Release|Any CPU.Deploy.0 = Release|Any CPU
		{2E159837-522C-41F2-971C-B62F3DFCB388}.Debug|Any CPU.ActiveCfg = Debug|Any CPU
		{2E159837-522C-41F2-971C-B62F3DFCB388}.Debug|Any CPU.Build.0 = Debug|Any CPU
		{2E159837-522C-41F2-971C-B62F3DFCB388}.Debug|Any CPU.Deploy.0 = Debug|Any CPU
		{2E159837-522C-41F2-971C-B62F3DFCB388}.Release|Any CPU.ActiveCfg = Release|Any CPU
		{2E159837-522C-41F2-971C-B62F3DFCB388}.Release|Any CPU.Build.0 = Release|Any CPU
		{2E159837-522C-41F2-971C-B62F3DFCB388}.Release|Any CPU.Deploy.0 = Release|Any CPU
	EndGlobalSection
	GlobalSection(SolutionProperties) = preSolution
		HideSolutionNode = FALSE
	EndGlobalSection
	GlobalSection(ExtensibilityGlobals) = postSolution
		SolutionGuid = {2A824AA0-D6C8-4D5B-833B-B045FCDD75F1}
	EndGlobalSection
EndGlobal
